
Microsoft Visual Studio Solution File, Format Version 12.00
Project("{FAE04EC0-301F-11D3-BF4B-00C04F79EFBC}") = "UdpChatting", "UdpChatting.csproj", "{2A7CF2F0-7E7F-470D-88FD-9D872D1BA350}"
EndProject
Global
	GlobalSection(SolutionConfigurationPlatforms) = preSolution
		Debug|Any CPU = Debug|Any CPU
		Release|Any CPU = Release|Any CPU
	EndGlobalSection
	GlobalSection(ProjectConfigurationPlatforms) = postSolution
		{2A7CF2F0-7E7F-470D-88FD-9D872D1BA350}.Debug|Any CPU.ActiveCfg = Debug|Any CPU
		{2A7CF2F0-7E7F-470D-88FD-9D872D1BA350}.Debug|Any CPU.Build.0 = Debug|Any CPU
		{2A7CF2F0-7E7F-470D-88FD-9D872D1BA350}.Release|Any CPU.ActiveCfg = Release|Any CPU
		{2A7CF2F0-7E7F-470D-88FD-9D872D1BA350}.Release|Any CPU.Build.0 = Release|Any CPU
	EndGlobalSection
EndGlobal
